# THIS IS AN AUTOGENERATED FILE. DO NOT EDIT THIS FILE DIRECTLY.
# yarn lockfile v1


"@types/node@^13.9.0":
  version "13.9.0"
  resolved "https://registry.npmjs.org/@types/node/-/node-13.9.0.tgz#5b6ee7a77faacddd7de719017d0bc12f52f81589"

bencode@^2.0.0:
  version "2.0.1"
  resolved "https://registry.npmjs.org/bencode/-/bencode-2.0.1.tgz#667a6a31c5e038d558608333da6b7c94e836c85b"
  dependencies:
    safe-buffer "^5.1.1"

bittorrent-dht@^9.0.3:
  version "9.0.3"
  resolved "https://registry.npmjs.org/bittorrent-dht/-/bittorrent-dht-9.0.3.tgz#bdcac9383bdc5e2a459eef6418332f3ae182d63f"
  dependencies:
    bencode "^2.0.0"
    debug "^4.1.1"
    inherits "^2.0.1"
    k-bucket "^5.0.0"
    k-rpc "^5.0.0"
    last-one-wins "^1.0.4"
    lru "^3.1.0"
    randombytes "^2.0.5"
    record-cache "^1.0.2"
    simple-sha1 "^3.0.0"

chrome-dgram@^3.0.2:
  version "3.0.4"
  resolved "https://registry.npmjs.org/chrome-dgram/-/chrome-dgram-3.0.4.tgz#aa785f23d1fc71c8619e8af166db7b9dc21a4f3e"
  dependencies:
    inherits "^2.0.1"
    run-series "^1.1.2"

chrome-dns@^1.0.0:
  version "1.0.1"
  resolved "https://registry.npmjs.org/chrome-dns/-/chrome-dns-1.0.1.tgz#6870af680a40d2c4b2efc2154a378793f5a4ce4b"
  dependencies:
    chrome-net "^3.3.2"

chrome-net@^3.3.2:
  version "3.3.3"
  resolved "https://registry.npmjs.org/chrome-net/-/chrome-net-3.3.3.tgz#09b40337d97fa857ac44ee9a2d82a66e43863401"
  dependencies:
    inherits "^2.0.1"

debug@^4.1.1:
  version "4.1.1"
  resolved "https://registry.npmjs.org/debug/-/debug-4.1.1.tgz#3b72260255109c6b589cee050f1d516139664791"
  dependencies:
    ms "^2.1.1"

inherits@^2.0.1:
  version "2.0.4"
  resolved "https://registry.npmjs.org/inherits/-/inherits-2.0.4.tgz#0fa2c64f932917c3433a0ded55363aae37416b7c"

k-bucket@^5.0.0:
  version "5.0.0"
  resolved "https://registry.npmjs.org/k-bucket/-/k-bucket-5.0.0.tgz#ef7a401fcd4c37cd31dceaa6ae4440ca91055e01"
  dependencies:
    randombytes "^2.0.3"

k-rpc-socket@^1.7.2:
  version "1.11.1"
  resolved "https://registry.npmjs.org/k-rpc-socket/-/k-rpc-socket-1.11.1.tgz#f14b4b240a716c6cad7b6434b21716dbd7c7b0e8"
  dependencies:
    bencode "^2.0.0"
    chrome-dgram "^3.0.2"
    chrome-dns "^1.0.0"
    chrome-net "^3.3.2"

k-rpc@^5.0.0:
  version "5.1.0"
  resolved "https://registry.npmjs.org/k-rpc/-/k-rpc-5.1.0.tgz#af2052de2e84994d55da3032175da5dad8640174"
  dependencies:
    k-bucket "^5.0.0"
    k-rpc-socket "^1.7.2"
    randombytes "^2.0.5"

last-one-wins@^1.0.4:
  version "1.0.4"
  resolved "https://registry.npmjs.org/last-one-wins/-/last-one-wins-1.0.4.tgz#c1bfd0cbcb46790ec9156b8d1aee8fcb86cda22a"

lru@^3.1.0:
  version "3.1.0"
  resolved "https://registry.npmjs.org/lru/-/lru-3.1.0.tgz#ea7fb8546d83733396a13091d76cfeb4c06837d5"
  dependencies:
    inherits "^2.0.1"

ms@^2.1.1:
  version "2.1.2"
  resolved "https://registry.npmjs.org/ms/-/ms-2.1.2.tgz#d09d1f357b443f493382a8eb3ccd183872ae6009"

queue-microtask@^1.1.2:
  version "1.1.2"
  resolved "https://registry.npmjs.org/queue-microtask/-/queue-microtask-1.1.2.tgz#139bf8186db0c545017ec66c2664ac646d5c571e"

randombytes@^2.0.3, randombytes@^2.0.5:
  version "2.1.0"
  resolved "https://registry.npmjs.org/randombytes/-/randombytes-2.1.0.tgz#df6f84372f0270dc65cdf6291349ab7a473d4f2a"
  dependencies:
    safe-buffer "^5.1.0"

record-cache@^1.0.2:
  version "1.1.0"
  resolved "https://registry.npmjs.org/record-cache/-/record-cache-1.1.0.tgz#f8a467a691a469584b26e88d36b18afdb3932037"

run-series@^1.1.2:
  version "1.1.8"
  resolved "https://registry.npmjs.org/run-series/-/run-series-1.1.8.tgz#2c4558f49221e01cd6371ff4e0a1e203e460fc36"

rusha@^0.8.1:
  version "0.8.13"
  resolved "https://registry.npmjs.org/rusha/-/rusha-0.8.13.tgz#9a084e7b860b17bff3015b92c67a6a336191513a"

safe-buffer@^5.1.0, safe-buffer@^5.1.1:
  version "5.2.0"
  resolved "https://registry.npmjs.org/safe-buffer/-/safe-buffer-5.2.0.tgz#b74daec49b1148f88c64b68d49b1e815c1f2f519"

simple-sha1@^3.0.0:
  version "3.0.1"
  resolved "https://registry.npmjs.org/simple-sha1/-/simple-sha1-3.0.1.tgz#b34c3c978d74ac4baf99b6555c1e6736e0d6e700"
  dependencies:
    queue-microtask "^1.1.2"
    rusha "^0.8.1"
